
Microsoft Visual Studio Solution File, Format Version 12.00
# Visual Studio 15
VisualStudioVersion = 15.0.26730.3
MinimumVisualStudioVersion = 10.0.40219.1
Project("{9A19103F-16F7-4668-BE54-9A1E7A4F7556}") = "NServiceBus.Raw", "NServiceBus.Raw\NServiceBus.Raw.csproj", "{9141A209-397A-4A8B-AE1B-F05AD938033C}"
EndProject
Project("{9A19103F-16F7-4668-BE54-9A1E7A4F7556}") = "AcceptanceTests", "AcceptanceTests\AcceptanceTests.csproj", "{062ED1A3-47C9-4442-B9A4-C6BD140B23FC}"
EndProject
Project("{2150E333-8FDC-42A3-9474-1A3956D46DE8}") = "Solution Items", "Solution Items", "{E6C76C27-23F4-4244-BED5-6845858714A2}"
	ProjectSection(SolutionItems) = preProject
		Directory.Build.targets = Directory.Build.targets
	EndProjectSection
EndProject
Global
	GlobalSection(SolutionConfigurationPlatforms) = preSolution
		Debug|Any CPU = Debug|Any CPU
		Release|Any CPU = Release|Any CPU
	EndGlobalSection
	GlobalSection(ProjectConfigurationPlatforms) = postSolution
		{9141A209-397A-4A8B-AE1B-F05AD938033C}.Debug|Any CPU.ActiveCfg = Debug|Any CPU
		{9141A209-397A-4A8B-AE1B-F05AD938033C}.Debug|Any CPU.Build.0 = Debug|Any CPU
		{9141A209-397A-4A8B-AE1B-F05AD938033C}.Release|Any CPU.ActiveCfg = Release|Any CPU
		{9141A209-397A-4A8B-AE1B-F05AD938033C}.Release|Any CPU.Build.0 = Release|Any CPU
		{062ED1A3-47C9-4442-B9A4-C6BD140B23FC}.Debug|Any CPU.ActiveCfg = Debug|Any CPU
		{062ED1A3-47C9-4442-B9A4-C6BD140B23FC}.Debug|Any CPU.Build.0 = Debug|Any CPU
		{062ED1A3-47C9-4442-B9A4-C6BD140B23FC}.Release|Any CPU.ActiveCfg = Release|Any CPU
		{062ED1A3-47C9-4442-B9A4-C6BD140B23FC}.Release|Any CPU.Build.0 = Release|Any CPU
	EndGlobalSection
	GlobalSection(SolutionProperties) = preSolution
		HideSolutionNode = FALSE
	EndGlobalSection
	GlobalSection(ExtensibilityGlobals) = postSolution
		SolutionGuid = {863FAA94-85E7-44BA-92D2-5F6AFEC4C1A3}
	EndGlobalSection
EndGlobal
